
Microsoft Visual Studio Solution File, Format Version 12.00
# Visual Studio Version 17
VisualStudioVersion = 17.0.31903.59
MinimumVisualStudioVersion = 10.0.40219.1
Project("{FAE04EC0-301F-11D3-BF4B-00C04F79EFBC}") = "app", "app\app.csproj", "{5D974C58-14B7-4A74-97AF-8542EF481D61}"
EndProject
Project("{FAE04EC0-301F-11D3-BF4B-00C04F79EFBC}") = "tests", "tests\tests.csproj", "{C24DAE4A-8E08-47C0-9196-962DF5F7DF7B}"
EndProject
Global
	GlobalSection(SolutionConfigurationPlatforms) = preSolution
		Debug|Any CPU = Debug|Any CPU
		Debug|x64 = Debug|x64
		Debug|x86 = Debug|x86
		Release|Any CPU = Release|Any CPU
		Release|x64 = Release|x64
		Release|x86 = Release|x86
	EndGlobalSection
	GlobalSection(ProjectConfigurationPlatforms) = postSolution
		{5D974C58-14B7-4A74-97AF-8542EF481D61}.Debug|Any CPU.ActiveCfg = Debug|Any CPU
		{5D974C58-14B7-4A74-97AF-8542EF481D61}.Debug|Any CPU.Build.0 = Debug|Any CPU
		{5D974C58-14B7-4A74-97AF-8542EF481D61}.Debug|x64.ActiveCfg = Debug|Any CPU
		{5D974C58-14B7-4A74-97AF-8542EF481D61}.Debug|x64.Build.0 = Debug|Any CPU
		{5D974C58-14B7-4A74-97AF-8542EF481D61}.Debug|x86.ActiveCfg = Debug|Any CPU
		{5D974C58-14B7-4A74-97AF-8542EF481D61}.Debug|x86.Build.0 = Debug|Any CPU
		{5D974C58-14B7-4A74-97AF-8542EF481D61}.Release|Any CPU.ActiveCfg = Release|Any CPU
		{5D974C58-14B7-4A74-97AF-8542EF481D61}.Release|Any CPU.Build.0 = Release|Any CPU
		{5D974C58-14B7-4A74-97AF-8542EF481D61}.Release|x64.ActiveCfg = Release|Any CPU
		{5D974C58-14B7-4A74-97AF-8542EF481D61}.Release|x64.Build.0 = Release|Any CPU
		{5D974C58-14B7-4A74-97AF-8542EF481D61}.Release|x86.ActiveCfg = Release|Any CPU
		{5D974C58-14B7-4A74-97AF-8542EF481D61}.Release|x86.Build.0 = Release|Any CPU
		{C24DAE4A-8E08-47C0-9196-962DF5F7DF7B}.Debug|Any CPU.ActiveCfg = Debug|Any CPU
		{C24DAE4A-8E08-47C0-9196-962DF5F7DF7B}.Debug|Any CPU.Build.0 = Debug|Any CPU
		{C24DAE4A-8E08-47C0-9196-962DF5F7DF7B}.Debug|x64.ActiveCfg = Debug|Any CPU
		{C24DAE4A-8E08-47C0-9196-962DF5F7DF7B}.Debug|x64.Build.0 = Debug|Any CPU
		{C24DAE4A-8E08-47C0-9196-962DF5F7DF7B}.Debug|x86.ActiveCfg = Debug|Any CPU
		{C24DAE4A-8E08-47C0-9196-962DF5F7DF7B}.Debug|x86.Build.0 = Debug|Any CPU
		{C24DAE4A-8E08-47C0-9196-962DF5F7DF7B}.Release|Any CPU.ActiveCfg = Release|Any CPU
		{C24DAE4A-8E08-47C0-9196-962DF5F7DF7B}.Release|Any CPU.Build.0 = Release|Any CPU
		{C24DAE4A-8E08-47C0-9196-962DF5F7DF7B}.Release|x64.ActiveCfg = Release|Any CPU
		{C24DAE4A-8E08-47C0-9196-962DF5F7DF7B}.Release|x64.Build.0 = Release|Any CPU
		{C24DAE4A-8E08-47C0-9196-962DF5F7DF7B}.Release|x86.ActiveCfg = Release|Any CPU
		{C24DAE4A-8E08-47C0-9196-962DF5F7DF7B}.Release|x86.Build.0 = Release|Any CPU
	EndGlobalSection
	GlobalSection(SolutionProperties) = preSolution
		HideSolutionNode = FALSE
	EndGlobalSection
EndGlobal
